
Microsoft Visual Studio Solution File, Format Version 12.00
# Visual Studio 14
VisualStudioVersion = 14.0.25420.1
MinimumVisualStudioVersion = 10.0.40219.1
Project("{FAE04EC0-301F-11D3-BF4B-00C04F79EFBC}") = "SuperCore", "SuperCore\SuperCore.csproj", "{507CADAB-E9CB-42A2-8B8D-F8A12762E396}"
EndProject
Project("{FAE04EC0-301F-11D3-BF4B-00C04F79EFBC}") = "Testes", "Testes\Testes.csproj", "{196EF24F-3B59-46C0-9C60-FF1FBC21AF95}"
EndProject
Project("{FAE04EC0-301F-11D3-BF4B-00C04F79EFBC}") = "ServerTestes", "ServerTestes\ServerTestes.csproj", "{617D1874-A556-4AAF-841A-1862C97E58A7}"
	ProjectSection(ProjectDependencies) = postProject
		{196EF24F-3B59-46C0-9C60-FF1FBC21AF95} = {196EF24F-3B59-46C0-9C60-FF1FBC21AF95}
	EndProjectSection
EndProject
Project("{FAE04EC0-301F-11D3-BF4B-00C04F79EFBC}") = "ClientTestes", "ClientTestes\ClientTestes.csproj", "{C37A32CC-7E50-4864-9E0A-4BD16FB067F7}"
	ProjectSection(ProjectDependencies) = postProject
		{196EF24F-3B59-46C0-9C60-FF1FBC21AF95} = {196EF24F-3B59-46C0-9C60-FF1FBC21AF95}
	EndProjectSection
EndProject
Project("{FAE04EC0-301F-11D3-BF4B-00C04F79EFBC}") = "SuperJson", "SuperJson\SuperJson.csproj", "{4B6CAB65-F1C2-428B-8F46-8BA261038DA4}"
EndProject
Project("{FAE04EC0-301F-11D3-BF4B-00C04F79EFBC}") = "JsonTestes", "JsonTestes\JsonTestes.csproj", "{B12F3565-E8E4-4F84-A562-50C049FE8DC9}"
EndProject
Project("{2150E333-8FDC-42A3-9474-1A3956D46DE8}") = "Tests", "Tests", "{790B7C5F-4952-4AD1-9B38-A68617195924}"
EndProject
Project("{FAE04EC0-301F-11D3-BF4B-00C04F79EFBC}") = "AndroidJsonTestes", "AndroidJsonTestes\AndroidJsonTestes.csproj", "{76B8227E-3532-4726-A842-2E31AABCDE10}"
EndProject
Global
	GlobalSection(SolutionConfigurationPlatforms) = preSolution
		Debug|Any CPU = Debug|Any CPU
		Release|Any CPU = Release|Any CPU
	EndGlobalSection
	GlobalSection(ProjectConfigurationPlatforms) = postSolution
		{507CADAB-E9CB-42A2-8B8D-F8A12762E396}.Debug|Any CPU.ActiveCfg = Debug|Any CPU
		{507CADAB-E9CB-42A2-8B8D-F8A12762E396}.Debug|Any CPU.Build.0 = Debug|Any CPU
		{507CADAB-E9CB-42A2-8B8D-F8A12762E396}.Release|Any CPU.ActiveCfg = Release|Any CPU
		{507CADAB-E9CB-42A2-8B8D-F8A12762E396}.Release|Any CPU.Build.0 = Release|Any CPU
		{196EF24F-3B59-46C0-9C60-FF1FBC21AF95}.Debug|Any CPU.ActiveCfg = Debug|Any CPU
		{196EF24F-3B59-46C0-9C60-FF1FBC21AF95}.Debug|Any CPU.Build.0 = Debug|Any CPU
		{196EF24F-3B59-46C0-9C60-FF1FBC21AF95}.Release|Any CPU.ActiveCfg = Release|Any CPU
		{196EF24F-3B59-46C0-9C60-FF1FBC21AF95}.Release|Any CPU.Build.0 = Release|Any CPU
		{617D1874-A556-4AAF-841A-1862C97E58A7}.Debug|Any CPU.ActiveCfg = Debug|Any CPU
		{617D1874-A556-4AAF-841A-1862C97E58A7}.Debug|Any CPU.Build.0 = Debug|Any CPU
		{617D1874-A556-4AAF-841A-1862C97E58A7}.Release|Any CPU.ActiveCfg = Release|Any CPU
		{617D1874-A556-4AAF-841A-1862C97E58A7}.Release|Any CPU.Build.0 = Release|Any CPU
		{C37A32CC-7E50-4864-9E0A-4BD16FB067F7}.Debug|Any CPU.ActiveCfg = Debug|Any CPU
		{C37A32CC-7E50-4864-9E0A-4BD16FB067F7}.Debug|Any CPU.Build.0 = Debug|Any CPU
		{C37A32CC-7E50-4864-9E0A-4BD16FB067F7}.Release|Any CPU.ActiveCfg = Release|Any CPU
		{C37A32CC-7E50-4864-9E0A-4BD16FB067F7}.Release|Any CPU.Build.0 = Release|Any CPU
		{4B6CAB65-F1C2-428B-8F46-8BA261038DA4}.Debug|Any CPU.ActiveCfg = Debug|Any CPU
		{4B6CAB65-F1C2-428B-8F46-8BA261038DA4}.Debug|Any CPU.Build.0 = Debug|Any CPU
		{4B6CAB65-F1C2-428B-8F46-8BA261038DA4}.Release|Any CPU.ActiveCfg = Release|Any CPU
		{4B6CAB65-F1C2-428B-8F46-8BA261038DA4}.Release|Any CPU.Build.0 = Release|Any CPU
		{B12F3565-E8E4-4F84-A562-50C049FE8DC9}.Debug|Any CPU.ActiveCfg = Debug|Any CPU
		{B12F3565-E8E4-4F84-A562-50C049FE8DC9}.Debug|Any CPU.Build.0 = Debug|Any CPU
		{B12F3565-E8E4-4F84-A562-50C049FE8DC9}.Release|Any CPU.ActiveCfg = Release|Any CPU
		{B12F3565-E8E4-4F84-A562-50C049FE8DC9}.Release|Any CPU.Build.0 = Release|Any CPU
		{76B8227E-3532-4726-A842-2E31AABCDE10}.Debug|Any CPU.ActiveCfg = Debug|Any CPU
		{76B8227E-3532-4726-A842-2E31AABCDE10}.Debug|Any CPU.Build.0 = Debug|Any CPU
		{76B8227E-3532-4726-A842-2E31AABCDE10}.Debug|Any CPU.Deploy.0 = Debug|Any CPU
		{76B8227E-3532-4726-A842-2E31AABCDE10}.Release|Any CPU.ActiveCfg = Release|Any CPU
		{76B8227E-3532-4726-A842-2E31AABCDE10}.Release|Any CPU.Build.0 = Release|Any CPU
		{76B8227E-3532-4726-A842-2E31AABCDE10}.Release|Any CPU.Deploy.0 = Release|Any CPU
	EndGlobalSection
	GlobalSection(SolutionProperties) = preSolution
		HideSolutionNode = FALSE
	EndGlobalSection
	GlobalSection(NestedProjects) = preSolution
		{196EF24F-3B59-46C0-9C60-FF1FBC21AF95} = {790B7C5F-4952-4AD1-9B38-A68617195924}
		{617D1874-A556-4AAF-841A-1862C97E58A7} = {790B7C5F-4952-4AD1-9B38-A68617195924}
		{C37A32CC-7E50-4864-9E0A-4BD16FB067F7} = {790B7C5F-4952-4AD1-9B38-A68617195924}
		{B12F3565-E8E4-4F84-A562-50C049FE8DC9} = {790B7C5F-4952-4AD1-9B38-A68617195924}
		{76B8227E-3532-4726-A842-2E31AABCDE10} = {790B7C5F-4952-4AD1-9B38-A68617195924}
	EndGlobalSection
EndGlobal
