
Microsoft Visual Studio Solution File, Format Version 12.00
# Visual Studio 14
VisualStudioVersion = 14.0.25123.0
MinimumVisualStudioVersion = 10.0.40219.1
Project("{FAE04EC0-301F-11D3-BF4B-00C04F79EFBC}") = "SuperCore", "SuperCore\SuperCore.csproj", "{507CADAB-E9CB-42A2-8B8D-F8A12762E396}"
EndProject
Project("{FAE04EC0-301F-11D3-BF4B-00C04F79EFBC}") = "Testes", "Testes\Testes.csproj", "{196EF24F-3B59-46C0-9C60-FF1FBC21AF95}"
EndProject
Project("{FAE04EC0-301F-11D3-BF4B-00C04F79EFBC}") = "ServerTestes", "ServerTestes\ServerTestes.csproj", "{617D1874-A556-4AAF-841A-1862C97E58A7}"
	ProjectSection(ProjectDependencies) = postProject
		{196EF24F-3B59-46C0-9C60-FF1FBC21AF95} = {196EF24F-3B59-46C0-9C60-FF1FBC21AF95}
	EndProjectSection
EndProject
Project("{FAE04EC0-301F-11D3-BF4B-00C04F79EFBC}") = "ClientTestes", "ClientTestes\ClientTestes.csproj", "{C37A32CC-7E50-4864-9E0A-4BD16FB067F7}"
	ProjectSection(ProjectDependencies) = postProject
		{196EF24F-3B59-46C0-9C60-FF1FBC21AF95} = {196EF24F-3B59-46C0-9C60-FF1FBC21AF95}
	EndProjectSection
EndProject
Global
	GlobalSection(SolutionConfigurationPlatforms) = preSolution
		Debug|Any CPU = Debug|Any CPU
		Release|Any CPU = Release|Any CPU
	EndGlobalSection
	GlobalSection(ProjectConfigurationPlatforms) = postSolution
		{507CADAB-E9CB-42A2-8B8D-F8A12762E396}.Debug|Any CPU.ActiveCfg = Debug|Any CPU
		{507CADAB-E9CB-42A2-8B8D-F8A12762E396}.Debug|Any CPU.Build.0 = Debug|Any CPU
		{507CADAB-E9CB-42A2-8B8D-F8A12762E396}.Release|Any CPU.ActiveCfg = Release|Any CPU
		{507CADAB-E9CB-42A2-8B8D-F8A12762E396}.Release|Any CPU.Build.0 = Release|Any CPU
		{196EF24F-3B59-46C0-9C60-FF1FBC21AF95}.Debug|Any CPU.ActiveCfg = Debug|Any CPU
		{196EF24F-3B59-46C0-9C60-FF1FBC21AF95}.Debug|Any CPU.Build.0 = Debug|Any CPU
		{196EF24F-3B59-46C0-9C60-FF1FBC21AF95}.Release|Any CPU.ActiveCfg = Release|Any CPU
		{196EF24F-3B59-46C0-9C60-FF1FBC21AF95}.Release|Any CPU.Build.0 = Release|Any CPU
		{617D1874-A556-4AAF-841A-1862C97E58A7}.Debug|Any CPU.ActiveCfg = Debug|Any CPU
		{617D1874-A556-4AAF-841A-1862C97E58A7}.Debug|Any CPU.Build.0 = Debug|Any CPU
		{617D1874-A556-4AAF-841A-1862C97E58A7}.Release|Any CPU.ActiveCfg = Release|Any CPU
		{617D1874-A556-4AAF-841A-1862C97E58A7}.Release|Any CPU.Build.0 = Release|Any CPU
		{C37A32CC-7E50-4864-9E0A-4BD16FB067F7}.Debug|Any CPU.ActiveCfg = Debug|Any CPU
		{C37A32CC-7E50-4864-9E0A-4BD16FB067F7}.Debug|Any CPU.Build.0 = Debug|Any CPU
		{C37A32CC-7E50-4864-9E0A-4BD16FB067F7}.Release|Any CPU.ActiveCfg = Release|Any CPU
		{C37A32CC-7E50-4864-9E0A-4BD16FB067F7}.Release|Any CPU.Build.0 = Release|Any CPU
	EndGlobalSection
	GlobalSection(SolutionProperties) = preSolution
		HideSolutionNode = FALSE
	EndGlobalSection
EndGlobal
